{
  "object": {
    "pins": [
      {
        "package": "ViewInspector",
        "repositoryURL": "https://github.com/nalexn/ViewInspector",
        "state": {
          "branch": null,
          "revision": "4949f8bce0ce68bce52c43175902ace8d907f113",
          "version": "0.4.5"
        }
      }
    ]
  },
  "version": 1
}
