{
  "object": {
    "pins": [
      {
        "package": "ViewInspector",
        "repositoryURL": "https://github.com/nalexn/ViewInspector",
        "state": {
          "branch": null,
          "revision": "0e914996c2b36e5391347c025113e530f47b1946",
          "version": "0.4.6"
        }
      }
    ]
  },
  "version": 1
}
